{
  "version": 4,
  "terraform_version": "1.5.7",
  "serial": 26,
  "lineage": "068d5c23-9ffa-fb29-e0d6-c9e4a9e564ea",
  "outputs": {
    "app_fqdn": {
      "value": "app.aws.obama67.dev",
      "type": "string"
    },
    "app_public_ip": {
      "value": "3.71.39.146",
      "type": "string"
    },
    "route53_nameservers": {
      "value": [
        "ns-1401.awsdns-47.org",
        "ns-1658.awsdns-15.co.uk",
        "ns-329.awsdns-41.com",
        "ns-991.awsdns-59.net"
      ],
      "type": [
        "list",
        "string"
      ]
    },
    "ssh_private_key": {
      "value": "-----BEGIN OPENSSH PRIVATE KEY-----\nb3BlbnNzaC1rZXktdjEAAAAABG5vbmUAAAAEbm9uZQAAAAAAAAABAAAAMwAAAAtz\nc2gtZWQyNTUxOQAAACAtjMJU8bOR5vZW/On8IcQrstr37KnHEHPG8t1iOid3hgAA\nAIgJDZ/oCQ2f6AAAAAtzc2gtZWQyNTUxOQAAACAtjMJU8bOR5vZW/On8IcQrstr3\n7KnHEHPG8t1iOid3hgAAAEDEDf68HGFv7swPsR0wPRq0O3ivlZLZF9ROWR7kiUsq\n/i2MwlTxs5Hm9lb86fwhxCuy2vfsqccQc8by3WI6J3eGAAAAAAECAwQF\n-----END OPENSSH PRIVATE KEY-----\n",
      "type": "string",
      "sensitive": true
    },
    "web_server_fqdn": {
      "value": "web.aws.obama67.dev",
      "type": "string"
    },
    "web_server_public_ip": {
      "value": "18.153.91.89",
      "type": "string"
    }
  },
  "resources": [
    {
      "mode": "data",
      "type": "aws_ami",
      "name": "ubuntu",
      "provider": "provider[\"registry.terraform.io/hashicorp/aws\"]",
      "instances": [
        {
          "schema_version": 0,
          "attributes": {
            "architecture": "x86_64",
            "arn": "arn:aws:ec2:eu-central-1::image/ami-027066fb16fc18634",
            "block_device_mappings": [
              {
                "device_name": "/dev/sda1",
                "ebs": {
                  "delete_on_termination": "true",
                  "encrypted": "false",
                  "iops": "0",
                  "snapshot_id": "snap-08ba1397073febaa1",
                  "throughput": "0",
                  "volume_initialization_rate": "0",
                  "volume_size": "8",
                  "volume_type": "gp2"
                },
                "no_device": "",
                "virtual_name": ""
              },
              {
                "device_name": "/dev/sdb",
                "ebs": {},
                "no_device": "",
                "virtual_name": "ephemeral0"
              },
              {
                "device_name": "/dev/sdc",
                "ebs": {},
                "no_device": "",
                "virtual_name": "ephemeral1"
              }
            ],
            "boot_mode": "uefi-preferred",
            "creation_date": "2026-02-18T06:49:52.000Z",
            "deprecation_time": "2028-02-18T06:49:52.000Z",
            "description": "Canonical, Ubuntu, 22.04, amd64 jammy image",
            "ena_support": true,
            "executable_users": null,
            "filter": [
              {
                "name": "name",
                "values": [
                  "ubuntu/images/hvm-ssd/ubuntu-jammy-22.04-amd64-server-*"
                ]
              },
              {
                "name": "virtualization-type",
                "values": [
                  "hvm"
                ]
              }
            ],
            "hypervisor": "xen",
            "id": "ami-027066fb16fc18634",
            "image_id": "ami-027066fb16fc18634",
            "image_location": "amazon/ubuntu/images/hvm-ssd/ubuntu-jammy-22.04-amd64-server-20260218",
            "image_owner_alias": "amazon",
            "image_type": "machine",
            "imds_support": "",
            "include_deprecated": false,
            "kernel_id": "",
            "last_launched_time": "",
            "most_recent": true,
            "name": "ubuntu/images/hvm-ssd/ubuntu-jammy-22.04-amd64-server-20260218",
            "name_regex": null,
            "owner_id": "099720109477",
            "owners": [
              "099720109477"
            ],
            "platform": "",
            "platform_details": "Linux/UNIX",
            "product_codes": [],
            "public": true,
            "ramdisk_id": "",
            "root_device_name": "/dev/sda1",
            "root_device_type": "ebs",
            "root_snapshot_id": "snap-08ba1397073febaa1",
            "sriov_net_support": "simple",
            "state": "available",
            "state_reason": {
              "code": "UNSET",
              "message": "UNSET"
            },
            "tags": {},
            "timeouts": null,
            "tpm_support": "",
            "uefi_data": null,
            "usage_operation": "RunInstances",
            "virtualization_type": "hvm"
          },
          "sensitive_attributes": []
        }
      ]
    },
    {
      "mode": "managed",
      "type": "aws_instance",
      "name": "app",
      "provider": "provider[\"registry.terraform.io/hashicorp/aws\"]",
      "instances": [
        {
          "schema_version": 1,
          "attributes": {
            "ami": "ami-027066fb16fc18634",
            "arn": "arn:aws:ec2:eu-central-1:035466343102:instance/i-0d2dd59b6ac593782",
            "associate_public_ip_address": true,
            "availability_zone": "eu-central-1a",
            "capacity_reservation_specification": [
              {
                "capacity_reservation_preference": "open",
                "capacity_reservation_target": []
              }
            ],
            "cpu_core_count": 1,
            "cpu_options": [
              {
                "amd_sev_snp": "",
                "core_count": 1,
                "threads_per_core": 2
              }
            ],
            "cpu_threads_per_core": 2,
            "credit_specification": [
              {
                "cpu_credits": "unlimited"
              }
            ],
            "disable_api_stop": false,
            "disable_api_termination": false,
            "ebs_block_device": [],
            "ebs_optimized": false,
            "enable_primary_ipv6": null,
            "enclave_options": [
              {
                "enabled": false
              }
            ],
            "ephemeral_block_device": [],
            "get_password_data": false,
            "hibernation": false,
            "host_id": "",
            "host_resource_group_arn": null,
            "iam_instance_profile": "",
            "id": "i-0d2dd59b6ac593782",
            "instance_initiated_shutdown_behavior": "stop",
            "instance_lifecycle": "",
            "instance_market_options": [],
            "instance_state": "running",
            "instance_type": "t3.micro",
            "ipv6_address_count": 0,
            "ipv6_addresses": [],
            "key_name": "lab-infra-deployer",
            "launch_template": [],
            "maintenance_options": [
              {
                "auto_recovery": "default"
              }
            ],
            "metadata_options": [
              {
                "http_endpoint": "enabled",
                "http_protocol_ipv6": "disabled",
                "http_put_response_hop_limit": 1,
                "http_tokens": "optional",
                "instance_metadata_tags": "disabled"
              }
            ],
            "monitoring": false,
            "network_interface": [],
            "outpost_arn": "",
            "password_data": "",
            "placement_group": "",
            "placement_partition_number": 0,
            "primary_network_interface_id": "eni-09645dc9b8dab533b",
            "private_dns": "ip-10-0-1-176.eu-central-1.compute.internal",
            "private_dns_name_options": [
              {
                "enable_resource_name_dns_a_record": false,
                "enable_resource_name_dns_aaaa_record": false,
                "hostname_type": "ip-name"
              }
            ],
            "private_ip": "10.0.1.176",
            "public_dns": "ec2-3-71-39-146.eu-central-1.compute.amazonaws.com",
            "public_ip": "3.71.39.146",
            "root_block_device": [
              {
                "delete_on_termination": true,
                "device_name": "/dev/sda1",
                "encrypted": false,
                "iops": 100,
                "kms_key_id": "",
                "tags": {
                  "ManagedBy": "terraform",
                  "Project": "lab-infra"
                },
                "tags_all": {
                  "ManagedBy": "terraform",
                  "Project": "lab-infra"
                },
                "throughput": 0,
                "volume_id": "vol-0cbdc72633684f8a0",
                "volume_size": 8,
                "volume_type": "gp2"
              }
            ],
            "secondary_private_ips": [],
            "security_groups": [],
            "source_dest_check": true,
            "spot_instance_request_id": "",
            "subnet_id": "subnet-09985cdbba8e99e13",
            "tags": {
              "Name": "lab-infra-app",
              "Role": "app"
            },
            "tags_all": {
              "ManagedBy": "terraform",
              "Name": "lab-infra-app",
              "Project": "lab-infra",
              "Role": "app"
            },
            "tenancy": "default",
            "timeouts": null,
            "user_data": null,
            "user_data_base64": null,
            "user_data_replace_on_change": false,
            "volume_tags": null,
            "vpc_security_group_ids": [
              "sg-0ca44bf2b9641a462"
            ]
          },
          "sensitive_attributes": [],
          "private": "eyJlMmJmYjczMC1lY2FhLTExZTYtOGY4OC0zNDM2M2JjN2M0YzAiOnsiY3JlYXRlIjo2MDAwMDAwMDAwMDAsImRlbGV0ZSI6MTIwMDAwMDAwMDAwMCwicmVhZCI6OTAwMDAwMDAwMDAwLCJ1cGRhdGUiOjYwMDAwMDAwMDAwMH0sInNjaGVtYV92ZXJzaW9uIjoiMSJ9",
          "dependencies": [
            "aws_key_pair.deployer",
            "aws_security_group.app",
            "aws_subnet.public",
            "aws_vpc.main",
            "data.aws_ami.ubuntu",
            "tls_private_key.ssh"
          ]
        }
      ]
    },
    {
      "mode": "managed",
      "type": "aws_instance",
      "name": "web_server",
      "provider": "provider[\"registry.terraform.io/hashicorp/aws\"]",
      "instances": [
        {
          "schema_version": 1,
          "attributes": {
            "ami": "ami-027066fb16fc18634",
            "arn": "arn:aws:ec2:eu-central-1:035466343102:instance/i-076c9dcd0b6591ea2",
            "associate_public_ip_address": true,
            "availability_zone": "eu-central-1a",
            "capacity_reservation_specification": [
              {
                "capacity_reservation_preference": "open",
                "capacity_reservation_target": []
              }
            ],
            "cpu_core_count": 1,
            "cpu_options": [
              {
                "amd_sev_snp": "",
                "core_count": 1,
                "threads_per_core": 2
              }
            ],
            "cpu_threads_per_core": 2,
            "credit_specification": [
              {
                "cpu_credits": "unlimited"
              }
            ],
            "disable_api_stop": false,
            "disable_api_termination": false,
            "ebs_block_device": [],
            "ebs_optimized": false,
            "enable_primary_ipv6": null,
            "enclave_options": [
              {
                "enabled": false
              }
            ],
            "ephemeral_block_device": [],
            "get_password_data": false,
            "hibernation": false,
            "host_id": "",
            "host_resource_group_arn": null,
            "iam_instance_profile": "",
            "id": "i-076c9dcd0b6591ea2",
            "instance_initiated_shutdown_behavior": "stop",
            "instance_lifecycle": "",
            "instance_market_options": [],
            "instance_state": "running",
            "instance_type": "t3.micro",
            "ipv6_address_count": 0,
            "ipv6_addresses": [],
            "key_name": "lab-infra-deployer",
            "launch_template": [],
            "maintenance_options": [
              {
                "auto_recovery": "default"
              }
            ],
            "metadata_options": [
              {
                "http_endpoint": "enabled",
                "http_protocol_ipv6": "disabled",
                "http_put_response_hop_limit": 1,
                "http_tokens": "optional",
                "instance_metadata_tags": "disabled"
              }
            ],
            "monitoring": false,
            "network_interface": [],
            "outpost_arn": "",
            "password_data": "",
            "placement_group": "",
            "placement_partition_number": 0,
            "primary_network_interface_id": "eni-0a25c3cbf4efab988",
            "private_dns": "ip-10-0-1-219.eu-central-1.compute.internal",
            "private_dns_name_options": [
              {
                "enable_resource_name_dns_a_record": false,
                "enable_resource_name_dns_aaaa_record": false,
                "hostname_type": "ip-name"
              }
            ],
            "private_ip": "10.0.1.219",
            "public_dns": "ec2-18-153-91-89.eu-central-1.compute.amazonaws.com",
            "public_ip": "18.153.91.89",
            "root_block_device": [
              {
                "delete_on_termination": true,
                "device_name": "/dev/sda1",
                "encrypted": false,
                "iops": 100,
                "kms_key_id": "",
                "tags": {
                  "ManagedBy": "terraform",
                  "Project": "lab-infra"
                },
                "tags_all": {
                  "ManagedBy": "terraform",
                  "Project": "lab-infra"
                },
                "throughput": 0,
                "volume_id": "vol-0b135ae4d188e3625",
                "volume_size": 8,
                "volume_type": "gp2"
              }
            ],
            "secondary_private_ips": [],
            "security_groups": [],
            "source_dest_check": true,
            "spot_instance_request_id": "",
            "subnet_id": "subnet-09985cdbba8e99e13",
            "tags": {
              "Name": "lab-infra-web-server",
              "Role": "web_server"
            },
            "tags_all": {
              "ManagedBy": "terraform",
              "Name": "lab-infra-web-server",
              "Project": "lab-infra",
              "Role": "web_server"
            },
            "tenancy": "default",
            "timeouts": null,
            "user_data": null,
            "user_data_base64": null,
            "user_data_replace_on_change": false,
            "volume_tags": null,
            "vpc_security_group_ids": [
              "sg-0b06d5d26331a5680"
            ]
          },
          "sensitive_attributes": [],
          "private": "eyJlMmJmYjczMC1lY2FhLTExZTYtOGY4OC0zNDM2M2JjN2M0YzAiOnsiY3JlYXRlIjo2MDAwMDAwMDAwMDAsImRlbGV0ZSI6MTIwMDAwMDAwMDAwMCwicmVhZCI6OTAwMDAwMDAwMDAwLCJ1cGRhdGUiOjYwMDAwMDAwMDAwMH0sInNjaGVtYV92ZXJzaW9uIjoiMSJ9",
          "dependencies": [
            "aws_key_pair.deployer",
            "aws_security_group.web_server",
            "aws_subnet.public",
            "aws_vpc.main",
            "data.aws_ami.ubuntu",
            "tls_private_key.ssh"
          ]
        }
      ]
    },
    {
      "mode": "managed",
      "type": "aws_internet_gateway",
      "name": "main",
      "provider": "provider[\"registry.terraform.io/hashicorp/aws\"]",
      "instances": [
        {
          "schema_version": 0,
          "attributes": {
            "arn": "arn:aws:ec2:eu-central-1:035466343102:internet-gateway/igw-0ded6b1605bf48101",
            "id": "igw-0ded6b1605bf48101",
            "owner_id": "035466343102",
            "tags": {
              "Name": "lab-infra-igw"
            },
            "tags_all": {
              "ManagedBy": "terraform",
              "Name": "lab-infra-igw",
              "Project": "lab-infra"
            },
            "timeouts": null,
            "vpc_id": "vpc-0269be9445d960c2f"
          },
          "sensitive_attributes": [],
          "private": "eyJlMmJmYjczMC1lY2FhLTExZTYtOGY4OC0zNDM2M2JjN2M0YzAiOnsiY3JlYXRlIjoxMjAwMDAwMDAwMDAwLCJkZWxldGUiOjEyMDAwMDAwMDAwMDAsInVwZGF0ZSI6MTIwMDAwMDAwMDAwMH19",
          "dependencies": [
            "aws_vpc.main"
          ]
        }
      ]
    },
    {
      "mode": "managed",
      "type": "aws_key_pair",
      "name": "deployer",
      "provider": "provider[\"registry.terraform.io/hashicorp/aws\"]",
      "instances": [
        {
          "schema_version": 1,
          "attributes": {
            "arn": "arn:aws:ec2:eu-central-1:035466343102:key-pair/lab-infra-deployer",
            "fingerprint": "J44zYUVIu4MEGJ33e9UPFTEd1G5MDD9oac34S5W7Jow=",
            "id": "lab-infra-deployer",
            "key_name": "lab-infra-deployer",
            "key_name_prefix": "",
            "key_pair_id": "key-0c24941fe2bb86778",
            "key_type": "ed25519",
            "public_key": "ssh-ed25519 AAAAC3NzaC1lZDI1NTE5AAAAIC2MwlTxs5Hm9lb86fwhxCuy2vfsqccQc8by3WI6J3eG",
            "tags": {
              "Name": "lab-infra-deployer"
            },
            "tags_all": {
              "ManagedBy": "terraform",
              "Name": "lab-infra-deployer",
              "Project": "lab-infra"
            }
          },
          "sensitive_attributes": [],
          "private": "eyJzY2hlbWFfdmVyc2lvbiI6IjEifQ==",
          "dependencies": [
            "tls_private_key.ssh"
          ]
        }
      ]
    },
    {
      "mode": "managed",
      "type": "aws_route53_record",
      "name": "app",
      "provider": "provider[\"registry.terraform.io/hashicorp/aws\"]",
      "instances": [
        {
          "schema_version": 2,
          "attributes": {
            "alias": [],
            "allow_overwrite": null,
            "cidr_routing_policy": [],
            "failover_routing_policy": [],
            "fqdn": "app.aws.obama67.dev",
            "geolocation_routing_policy": [],
            "geoproximity_routing_policy": [],
            "health_check_id": "",
            "id": "Z00496152KT6QBZZR9EW5_app.aws.obama67.dev_A",
            "latency_routing_policy": [],
            "multivalue_answer_routing_policy": false,
            "name": "app.aws.obama67.dev",
            "records": [
              "3.71.39.146"
            ],
            "set_identifier": "",
            "timeouts": null,
            "ttl": 300,
            "type": "A",
            "weighted_routing_policy": [],
            "zone_id": "Z00496152KT6QBZZR9EW5"
          },
          "sensitive_attributes": [],
          "private": "eyJlMmJmYjczMC1lY2FhLTExZTYtOGY4OC0zNDM2M2JjN2M0YzAiOnsiY3JlYXRlIjoxODAwMDAwMDAwMDAwLCJkZWxldGUiOjE4MDAwMDAwMDAwMDAsInVwZGF0ZSI6MTgwMDAwMDAwMDAwMH0sInNjaGVtYV92ZXJzaW9uIjoiMiJ9",
          "dependencies": [
            "aws_instance.app",
            "aws_key_pair.deployer",
            "aws_route53_zone.subdomain",
            "aws_security_group.app",
            "aws_subnet.public",
            "aws_vpc.main",
            "data.aws_ami.ubuntu",
            "tls_private_key.ssh"
          ]
        }
      ]
    },
    {
      "mode": "managed",
      "type": "aws_route53_record",
      "name": "web_server",
      "provider": "provider[\"registry.terraform.io/hashicorp/aws\"]",
      "instances": [
        {
          "schema_version": 2,
          "attributes": {
            "alias": [],
            "allow_overwrite": null,
            "cidr_routing_policy": [],
            "failover_routing_policy": [],
            "fqdn": "web.aws.obama67.dev",
            "geolocation_routing_policy": [],
            "geoproximity_routing_policy": [],
            "health_check_id": "",
            "id": "Z00496152KT6QBZZR9EW5_web.aws.obama67.dev_A",
            "latency_routing_policy": [],
            "multivalue_answer_routing_policy": false,
            "name": "web.aws.obama67.dev",
            "records": [
              "18.153.91.89"
            ],
            "set_identifier": "",
            "timeouts": null,
            "ttl": 300,
            "type": "A",
            "weighted_routing_policy": [],
            "zone_id": "Z00496152KT6QBZZR9EW5"
          },
          "sensitive_attributes": [],
          "private": "eyJlMmJmYjczMC1lY2FhLTExZTYtOGY4OC0zNDM2M2JjN2M0YzAiOnsiY3JlYXRlIjoxODAwMDAwMDAwMDAwLCJkZWxldGUiOjE4MDAwMDAwMDAwMDAsInVwZGF0ZSI6MTgwMDAwMDAwMDAwMH0sInNjaGVtYV92ZXJzaW9uIjoiMiJ9",
          "dependencies": [
            "aws_instance.web_server",
            "aws_key_pair.deployer",
            "aws_route53_zone.subdomain",
            "aws_security_group.web_server",
            "aws_subnet.public",
            "aws_vpc.main",
            "data.aws_ami.ubuntu",
            "tls_private_key.ssh"
          ]
        }
      ]
    },
    {
      "mode": "managed",
      "type": "aws_route53_zone",
      "name": "subdomain",
      "provider": "provider[\"registry.terraform.io/hashicorp/aws\"]",
      "instances": [
        {
          "schema_version": 0,
          "attributes": {
            "arn": "arn:aws:route53:::hostedzone/Z00496152KT6QBZZR9EW5",
            "comment": "Hosted zone for aws.obama67.dev",
            "delegation_set_id": "",
            "force_destroy": false,
            "id": "Z00496152KT6QBZZR9EW5",
            "name": "aws.obama67.dev",
            "name_servers": [
              "ns-1401.awsdns-47.org",
              "ns-1658.awsdns-15.co.uk",
              "ns-329.awsdns-41.com",
              "ns-991.awsdns-59.net"
            ],
            "primary_name_server": "ns-1658.awsdns-15.co.uk",
            "tags": {
              "Name": "lab-infra-hosted-zone"
            },
            "tags_all": {
              "ManagedBy": "terraform",
              "Name": "lab-infra-hosted-zone",
              "Project": "lab-infra"
            },
            "timeouts": null,
            "vpc": [],
            "zone_id": "Z00496152KT6QBZZR9EW5"
          },
          "sensitive_attributes": [],
          "private": "eyJlMmJmYjczMC1lY2FhLTExZTYtOGY4OC0zNDM2M2JjN2M0YzAiOnsiY3JlYXRlIjoxODAwMDAwMDAwMDAwLCJkZWxldGUiOjE4MDAwMDAwMDAwMDAsInVwZGF0ZSI6MTgwMDAwMDAwMDAwMH19"
        }
      ]
    },
    {
      "mode": "managed",
      "type": "aws_route_table",
      "name": "public",
      "provider": "provider[\"registry.terraform.io/hashicorp/aws\"]",
      "instances": [
        {
          "schema_version": 0,
          "attributes": {
            "arn": "arn:aws:ec2:eu-central-1:035466343102:route-table/rtb-00adaf373f601209a",
            "id": "rtb-00adaf373f601209a",
            "owner_id": "035466343102",
            "propagating_vgws": [],
            "route": [
              {
                "carrier_gateway_id": "",
                "cidr_block": "0.0.0.0/0",
                "core_network_arn": "",
                "destination_prefix_list_id": "",
                "egress_only_gateway_id": "",
                "gateway_id": "igw-0ded6b1605bf48101",
                "ipv6_cidr_block": "",
                "local_gateway_id": "",
                "nat_gateway_id": "",
                "network_interface_id": "",
                "transit_gateway_id": "",
                "vpc_endpoint_id": "",
                "vpc_peering_connection_id": ""
              }
            ],
            "tags": {
              "Name": "lab-infra-public-rt"
            },
            "tags_all": {
              "ManagedBy": "terraform",
              "Name": "lab-infra-public-rt",
              "Project": "lab-infra"
            },
            "timeouts": null,
            "vpc_id": "vpc-0269be9445d960c2f"
          },
          "sensitive_attributes": [],
          "private": "eyJlMmJmYjczMC1lY2FhLTExZTYtOGY4OC0zNDM2M2JjN2M0YzAiOnsiY3JlYXRlIjozMDAwMDAwMDAwMDAsImRlbGV0ZSI6MzAwMDAwMDAwMDAwLCJ1cGRhdGUiOjEyMDAwMDAwMDAwMH19",
          "dependencies": [
            "aws_internet_gateway.main",
            "aws_vpc.main"
          ]
        }
      ]
    },
    {
      "mode": "managed",
      "type": "aws_route_table_association",
      "name": "public",
      "provider": "provider[\"registry.terraform.io/hashicorp/aws\"]",
      "instances": [
        {
          "schema_version": 0,
          "attributes": {
            "gateway_id": "",
            "id": "rtbassoc-06d03f74e176963ae",
            "route_table_id": "rtb-00adaf373f601209a",
            "subnet_id": "subnet-09985cdbba8e99e13",
            "timeouts": null
          },
          "sensitive_attributes": [],
          "private": "eyJlMmJmYjczMC1lY2FhLTExZTYtOGY4OC0zNDM2M2JjN2M0YzAiOnsiY3JlYXRlIjozMDAwMDAwMDAwMDAsImRlbGV0ZSI6MzAwMDAwMDAwMDAwLCJ1cGRhdGUiOjEyMDAwMDAwMDAwMH19",
          "dependencies": [
            "aws_internet_gateway.main",
            "aws_route_table.public",
            "aws_subnet.public",
            "aws_vpc.main"
          ]
        }
      ]
    },
    {
      "mode": "managed",
      "type": "aws_security_group",
      "name": "app",
      "provider": "provider[\"registry.terraform.io/hashicorp/aws\"]",
      "instances": [
        {
          "schema_version": 1,
          "attributes": {
            "arn": "arn:aws:ec2:eu-central-1:035466343102:security-group/sg-0ca44bf2b9641a462",
            "description": "Allow 8080 from web_server and SSH",
            "egress": [],
            "id": "sg-0ca44bf2b9641a462",
            "ingress": [],
            "name": "lab-infra-app-sg",
            "name_prefix": "",
            "owner_id": "035466343102",
            "revoke_rules_on_delete": false,
            "tags": {
              "Name": "lab-infra-app-sg"
            },
            "tags_all": {
              "ManagedBy": "terraform",
              "Name": "lab-infra-app-sg",
              "Project": "lab-infra"
            },
            "timeouts": null,
            "vpc_id": "vpc-0269be9445d960c2f"
          },
          "sensitive_attributes": [],
          "private": "eyJlMmJmYjczMC1lY2FhLTExZTYtOGY4OC0zNDM2M2JjN2M0YzAiOnsiY3JlYXRlIjo2MDAwMDAwMDAwMDAsImRlbGV0ZSI6OTAwMDAwMDAwMDAwfSwic2NoZW1hX3ZlcnNpb24iOiIxIn0=",
          "dependencies": [
            "aws_vpc.main"
          ]
        }
      ]
    },
    {
      "mode": "managed",
      "type": "aws_security_group",
      "name": "web_server",
      "provider": "provider[\"registry.terraform.io/hashicorp/aws\"]",
      "instances": [
        {
          "schema_version": 1,
          "attributes": {
            "arn": "arn:aws:ec2:eu-central-1:035466343102:security-group/sg-0b06d5d26331a5680",
            "description": "Allow HTTP, HTTPS from anywhere and SSH",
            "egress": [],
            "id": "sg-0b06d5d26331a5680",
            "ingress": [],
            "name": "lab-infra-web-server-sg",
            "name_prefix": "",
            "owner_id": "035466343102",
            "revoke_rules_on_delete": false,
            "tags": {
              "Name": "lab-infra-web-server-sg"
            },
            "tags_all": {
              "ManagedBy": "terraform",
              "Name": "lab-infra-web-server-sg",
              "Project": "lab-infra"
            },
            "timeouts": null,
            "vpc_id": "vpc-0269be9445d960c2f"
          },
          "sensitive_attributes": [],
          "private": "eyJlMmJmYjczMC1lY2FhLTExZTYtOGY4OC0zNDM2M2JjN2M0YzAiOnsiY3JlYXRlIjo2MDAwMDAwMDAwMDAsImRlbGV0ZSI6OTAwMDAwMDAwMDAwfSwic2NoZW1hX3ZlcnNpb24iOiIxIn0=",
          "dependencies": [
            "aws_vpc.main"
          ]
        }
      ]
    },
    {
      "mode": "managed",
      "type": "aws_security_group_rule",
      "name": "app_8080",
      "provider": "provider[\"registry.terraform.io/hashicorp/aws\"]",
      "instances": [
        {
          "schema_version": 2,
          "attributes": {
            "cidr_blocks": null,
            "description": null,
            "from_port": 8080,
            "id": "sgrule-1081952668",
            "ipv6_cidr_blocks": null,
            "prefix_list_ids": null,
            "protocol": "tcp",
            "security_group_id": "sg-0ca44bf2b9641a462",
            "security_group_rule_id": "sgr-0a5aef695be2acaf3",
            "self": false,
            "source_security_group_id": "sg-0b06d5d26331a5680",
            "timeouts": null,
            "to_port": 8080,
            "type": "ingress"
          },
          "sensitive_attributes": [],
          "private": "eyJlMmJmYjczMC1lY2FhLTExZTYtOGY4OC0zNDM2M2JjN2M0YzAiOnsiY3JlYXRlIjozMDAwMDAwMDAwMDB9LCJzY2hlbWFfdmVyc2lvbiI6IjIifQ==",
          "dependencies": [
            "aws_security_group.app",
            "aws_security_group.web_server",
            "aws_vpc.main"
          ]
        }
      ]
    },
    {
      "mode": "managed",
      "type": "aws_security_group_rule",
      "name": "app_egress",
      "provider": "provider[\"registry.terraform.io/hashicorp/aws\"]",
      "instances": [
        {
          "schema_version": 2,
          "attributes": {
            "cidr_blocks": [
              "0.0.0.0/0"
            ],
            "description": null,
            "from_port": 0,
            "id": "sgrule-1739226701",
            "ipv6_cidr_blocks": [
              "::/0"
            ],
            "prefix_list_ids": null,
            "protocol": "-1",
            "security_group_id": "sg-0ca44bf2b9641a462",
            "security_group_rule_id": "",
            "self": false,
            "source_security_group_id": null,
            "timeouts": null,
            "to_port": 0,
            "type": "egress"
          },
          "sensitive_attributes": [],
          "private": "eyJlMmJmYjczMC1lY2FhLTExZTYtOGY4OC0zNDM2M2JjN2M0YzAiOnsiY3JlYXRlIjozMDAwMDAwMDAwMDB9LCJzY2hlbWFfdmVyc2lvbiI6IjIifQ==",
          "dependencies": [
            "aws_security_group.app",
            "aws_vpc.main"
          ]
        }
      ]
    },
    {
      "mode": "managed",
      "type": "aws_security_group_rule",
      "name": "app_ssh",
      "provider": "provider[\"registry.terraform.io/hashicorp/aws\"]",
      "instances": [
        {
          "schema_version": 2,
          "attributes": {
            "cidr_blocks": [
              "0.0.0.0/0"
            ],
            "description": null,
            "from_port": 22,
            "id": "sgrule-894096032",
            "ipv6_cidr_blocks": null,
            "prefix_list_ids": null,
            "protocol": "tcp",
            "security_group_id": "sg-0ca44bf2b9641a462",
            "security_group_rule_id": "sgr-0fb09e825b32a05d8",
            "self": false,
            "source_security_group_id": null,
            "timeouts": null,
            "to_port": 22,
            "type": "ingress"
          },
          "sensitive_attributes": [],
          "private": "eyJlMmJmYjczMC1lY2FhLTExZTYtOGY4OC0zNDM2M2JjN2M0YzAiOnsiY3JlYXRlIjozMDAwMDAwMDAwMDB9LCJzY2hlbWFfdmVyc2lvbiI6IjIifQ==",
          "dependencies": [
            "aws_security_group.app",
            "aws_vpc.main"
          ]
        }
      ]
    },
    {
      "mode": "managed",
      "type": "aws_security_group_rule",
      "name": "web_egress",
      "provider": "provider[\"registry.terraform.io/hashicorp/aws\"]",
      "instances": [
        {
          "schema_version": 2,
          "attributes": {
            "cidr_blocks": [
              "0.0.0.0/0"
            ],
            "description": null,
            "from_port": 0,
            "id": "sgrule-3981186176",
            "ipv6_cidr_blocks": [
              "::/0"
            ],
            "prefix_list_ids": null,
            "protocol": "-1",
            "security_group_id": "sg-0b06d5d26331a5680",
            "security_group_rule_id": "",
            "self": false,
            "source_security_group_id": null,
            "timeouts": null,
            "to_port": 0,
            "type": "egress"
          },
          "sensitive_attributes": [],
          "private": "eyJlMmJmYjczMC1lY2FhLTExZTYtOGY4OC0zNDM2M2JjN2M0YzAiOnsiY3JlYXRlIjozMDAwMDAwMDAwMDB9LCJzY2hlbWFfdmVyc2lvbiI6IjIifQ==",
          "dependencies": [
            "aws_security_group.web_server",
            "aws_vpc.main"
          ]
        }
      ]
    },
    {
      "mode": "managed",
      "type": "aws_security_group_rule",
      "name": "web_http",
      "provider": "provider[\"registry.terraform.io/hashicorp/aws\"]",
      "instances": [
        {
          "schema_version": 2,
          "attributes": {
            "cidr_blocks": [
              "0.0.0.0/0"
            ],
            "description": null,
            "from_port": 80,
            "id": "sgrule-1924716050",
            "ipv6_cidr_blocks": [
              "::/0"
            ],
            "prefix_list_ids": null,
            "protocol": "tcp",
            "security_group_id": "sg-0b06d5d26331a5680",
            "security_group_rule_id": "",
            "self": false,
            "source_security_group_id": null,
            "timeouts": null,
            "to_port": 80,
            "type": "ingress"
          },
          "sensitive_attributes": [],
          "private": "eyJlMmJmYjczMC1lY2FhLTExZTYtOGY4OC0zNDM2M2JjN2M0YzAiOnsiY3JlYXRlIjozMDAwMDAwMDAwMDB9LCJzY2hlbWFfdmVyc2lvbiI6IjIifQ==",
          "dependencies": [
            "aws_security_group.web_server",
            "aws_vpc.main"
          ]
        }
      ]
    },
    {
      "mode": "managed",
      "type": "aws_security_group_rule",
      "name": "web_https",
      "provider": "provider[\"registry.terraform.io/hashicorp/aws\"]",
      "instances": [
        {
          "schema_version": 2,
          "attributes": {
            "cidr_blocks": [
              "0.0.0.0/0"
            ],
            "description": null,
            "from_port": 443,
            "id": "sgrule-2601257180",
            "ipv6_cidr_blocks": [
              "::/0"
            ],
            "prefix_list_ids": null,
            "protocol": "tcp",
            "security_group_id": "sg-0b06d5d26331a5680",
            "security_group_rule_id": "",
            "self": false,
            "source_security_group_id": null,
            "timeouts": null,
            "to_port": 443,
            "type": "ingress"
          },
          "sensitive_attributes": [],
          "private": "eyJlMmJmYjczMC1lY2FhLTExZTYtOGY4OC0zNDM2M2JjN2M0YzAiOnsiY3JlYXRlIjozMDAwMDAwMDAwMDB9LCJzY2hlbWFfdmVyc2lvbiI6IjIifQ==",
          "dependencies": [
            "aws_security_group.web_server",
            "aws_vpc.main"
          ]
        }
      ]
    },
    {
      "mode": "managed",
      "type": "aws_security_group_rule",
      "name": "web_ssh",
      "provider": "provider[\"registry.terraform.io/hashicorp/aws\"]",
      "instances": [
        {
          "schema_version": 2,
          "attributes": {
            "cidr_blocks": [
              "0.0.0.0/0"
            ],
            "description": null,
            "from_port": 22,
            "id": "sgrule-2051412825",
            "ipv6_cidr_blocks": null,
            "prefix_list_ids": null,
            "protocol": "tcp",
            "security_group_id": "sg-0b06d5d26331a5680",
            "security_group_rule_id": "sgr-0fdc6133aacdf01c0",
            "self": false,
            "source_security_group_id": null,
            "timeouts": null,
            "to_port": 22,
            "type": "ingress"
          },
          "sensitive_attributes": [],
          "private": "eyJlMmJmYjczMC1lY2FhLTExZTYtOGY4OC0zNDM2M2JjN2M0YzAiOnsiY3JlYXRlIjozMDAwMDAwMDAwMDB9LCJzY2hlbWFfdmVyc2lvbiI6IjIifQ==",
          "dependencies": [
            "aws_security_group.web_server",
            "aws_vpc.main"
          ]
        }
      ]
    },
    {
      "mode": "managed",
      "type": "aws_subnet",
      "name": "public",
      "provider": "provider[\"registry.terraform.io/hashicorp/aws\"]",
      "instances": [
        {
          "schema_version": 1,
          "attributes": {
            "arn": "arn:aws:ec2:eu-central-1:035466343102:subnet/subnet-09985cdbba8e99e13",
            "assign_ipv6_address_on_creation": false,
            "availability_zone": "eu-central-1a",
            "availability_zone_id": "euc1-az2",
            "cidr_block": "10.0.1.0/24",
            "customer_owned_ipv4_pool": "",
            "enable_dns64": false,
            "enable_lni_at_device_index": 0,
            "enable_resource_name_dns_a_record_on_launch": false,
            "enable_resource_name_dns_aaaa_record_on_launch": false,
            "id": "subnet-09985cdbba8e99e13",
            "ipv6_cidr_block": "",
            "ipv6_cidr_block_association_id": "",
            "ipv6_native": false,
            "map_customer_owned_ip_on_launch": false,
            "map_public_ip_on_launch": true,
            "outpost_arn": "",
            "owner_id": "035466343102",
            "private_dns_hostname_type_on_launch": "ip-name",
            "tags": {
              "Name": "lab-infra-public-subnet"
            },
            "tags_all": {
              "ManagedBy": "terraform",
              "Name": "lab-infra-public-subnet",
              "Project": "lab-infra"
            },
            "timeouts": null,
            "vpc_id": "vpc-0269be9445d960c2f"
          },
          "sensitive_attributes": [],
          "private": "eyJlMmJmYjczMC1lY2FhLTExZTYtOGY4OC0zNDM2M2JjN2M0YzAiOnsiY3JlYXRlIjo2MDAwMDAwMDAwMDAsImRlbGV0ZSI6MTIwMDAwMDAwMDAwMH0sInNjaGVtYV92ZXJzaW9uIjoiMSJ9",
          "dependencies": [
            "aws_vpc.main"
          ]
        }
      ]
    },
    {
      "mode": "managed",
      "type": "aws_vpc",
      "name": "main",
      "provider": "provider[\"registry.terraform.io/hashicorp/aws\"]",
      "instances": [
        {
          "schema_version": 1,
          "attributes": {
            "arn": "arn:aws:ec2:eu-central-1:035466343102:vpc/vpc-0269be9445d960c2f",
            "assign_generated_ipv6_cidr_block": false,
            "cidr_block": "10.0.0.0/16",
            "default_network_acl_id": "acl-061d8f169a477c1c2",
            "default_route_table_id": "rtb-07e66065a862ccad3",
            "default_security_group_id": "sg-01eef61db72ffb8fa",
            "dhcp_options_id": "dopt-05614ed7fbf438a40",
            "enable_dns_hostnames": true,
            "enable_dns_support": true,
            "enable_network_address_usage_metrics": false,
            "id": "vpc-0269be9445d960c2f",
            "instance_tenancy": "default",
            "ipv4_ipam_pool_id": null,
            "ipv4_netmask_length": null,
            "ipv6_association_id": "",
            "ipv6_cidr_block": "",
            "ipv6_cidr_block_network_border_group": "",
            "ipv6_ipam_pool_id": "",
            "ipv6_netmask_length": 0,
            "main_route_table_id": "rtb-07e66065a862ccad3",
            "owner_id": "035466343102",
            "tags": {
              "Name": "lab-infra-vpc"
            },
            "tags_all": {
              "ManagedBy": "terraform",
              "Name": "lab-infra-vpc",
              "Project": "lab-infra"
            }
          },
          "sensitive_attributes": [],
          "private": "eyJzY2hlbWFfdmVyc2lvbiI6IjEifQ=="
        }
      ]
    },
    {
      "mode": "managed",
      "type": "cloudflare_record",
      "name": "ns_delegation",
      "provider": "provider[\"registry.terraform.io/cloudflare/cloudflare\"]",
      "instances": [
        {
          "index_key": 0,
          "schema_version": 3,
          "attributes": {
            "allow_overwrite": false,
            "comment": "",
            "content": "ns-1401.awsdns-47.org",
            "created_on": "2026-02-21T17:11:16.185344Z",
            "data": [],
            "hostname": "aws.obama67.dev",
            "id": "796a4b55f0334d5a79ef143adf35e5aa",
            "metadata": {},
            "modified_on": "2026-02-21T17:11:16.185344Z",
            "name": "aws",
            "priority": null,
            "proxiable": false,
            "proxied": false,
            "tags": null,
            "timeouts": null,
            "ttl": 3600,
            "type": "NS",
            "value": null,
            "zone_id": "05ed70f04c7800ed0589f7698d854327"
          },
          "sensitive_attributes": [],
          "private": "eyJlMmJmYjczMC1lY2FhLTExZTYtOGY4OC0zNDM2M2JjN2M0YzAiOnsiY3JlYXRlIjozMDAwMDAwMDAwMCwidXBkYXRlIjozMDAwMDAwMDAwMH0sInNjaGVtYV92ZXJzaW9uIjoiMyJ9",
          "dependencies": [
            "aws_route53_zone.subdomain"
          ]
        },
        {
          "index_key": 1,
          "schema_version": 3,
          "attributes": {
            "allow_overwrite": false,
            "comment": "",
            "content": "ns-1658.awsdns-15.co.uk",
            "created_on": "2026-02-21T17:11:16.046443Z",
            "data": [],
            "hostname": "aws.obama67.dev",
            "id": "4346d17612fda5fbe00b5418b265d827",
            "metadata": {},
            "modified_on": "2026-02-21T17:11:16.046443Z",
            "name": "aws",
            "priority": null,
            "proxiable": false,
            "proxied": false,
            "tags": null,
            "timeouts": null,
            "ttl": 3600,
            "type": "NS",
            "value": null,
            "zone_id": "05ed70f04c7800ed0589f7698d854327"
          },
          "sensitive_attributes": [],
          "private": "eyJlMmJmYjczMC1lY2FhLTExZTYtOGY4OC0zNDM2M2JjN2M0YzAiOnsiY3JlYXRlIjozMDAwMDAwMDAwMCwidXBkYXRlIjozMDAwMDAwMDAwMH0sInNjaGVtYV92ZXJzaW9uIjoiMyJ9",
          "dependencies": [
            "aws_route53_zone.subdomain"
          ]
        },
        {
          "index_key": 2,
          "schema_version": 3,
          "attributes": {
            "allow_overwrite": false,
            "comment": "",
            "content": "ns-329.awsdns-41.com",
            "created_on": "2026-02-21T17:11:16.602021Z",
            "data": [],
            "hostname": "aws.obama67.dev",
            "id": "51529ca594975216a47d19e90e74391a",
            "metadata": {},
            "modified_on": "2026-02-21T17:11:16.602021Z",
            "name": "aws",
            "priority": null,
            "proxiable": false,
            "proxied": false,
            "tags": null,
            "timeouts": null,
            "ttl": 3600,
            "type": "NS",
            "value": null,
            "zone_id": "05ed70f04c7800ed0589f7698d854327"
          },
          "sensitive_attributes": [],
          "private": "eyJlMmJmYjczMC1lY2FhLTExZTYtOGY4OC0zNDM2M2JjN2M0YzAiOnsiY3JlYXRlIjozMDAwMDAwMDAwMCwidXBkYXRlIjozMDAwMDAwMDAwMH0sInNjaGVtYV92ZXJzaW9uIjoiMyJ9",
          "dependencies": [
            "aws_route53_zone.subdomain"
          ]
        },
        {
          "index_key": 3,
          "schema_version": 3,
          "attributes": {
            "allow_overwrite": false,
            "comment": "",
            "content": "ns-991.awsdns-59.net",
            "created_on": "2026-02-21T17:11:16.397971Z",
            "data": [],
            "hostname": "aws.obama67.dev",
            "id": "819c75db04237a57b6e61c10aae2ee63",
            "metadata": {},
            "modified_on": "2026-02-21T17:11:16.397971Z",
            "name": "aws",
            "priority": null,
            "proxiable": false,
            "proxied": false,
            "tags": null,
            "timeouts": null,
            "ttl": 3600,
            "type": "NS",
            "value": null,
            "zone_id": "05ed70f04c7800ed0589f7698d854327"
          },
          "sensitive_attributes": [],
          "private": "eyJlMmJmYjczMC1lY2FhLTExZTYtOGY4OC0zNDM2M2JjN2M0YzAiOnsiY3JlYXRlIjozMDAwMDAwMDAwMCwidXBkYXRlIjozMDAwMDAwMDAwMH0sInNjaGVtYV92ZXJzaW9uIjoiMyJ9",
          "dependencies": [
            "aws_route53_zone.subdomain"
          ]
        }
      ]
    },
    {
      "mode": "managed",
      "type": "tls_private_key",
      "name": "ssh",
      "provider": "provider[\"registry.terraform.io/hashicorp/tls\"]",
      "instances": [
        {
          "index_key": 0,
          "schema_version": 1,
          "attributes": {
            "algorithm": "ED25519",
            "ecdsa_curve": "P224",
            "id": "d2a6f595669bbe000d865cd2e984e46639e47708",
            "private_key_openssh": "-----BEGIN OPENSSH PRIVATE KEY-----\nb3BlbnNzaC1rZXktdjEAAAAABG5vbmUAAAAEbm9uZQAAAAAAAAABAAAAMwAAAAtz\nc2gtZWQyNTUxOQAAACAtjMJU8bOR5vZW/On8IcQrstr37KnHEHPG8t1iOid3hgAA\nAIgJDZ/oCQ2f6AAAAAtzc2gtZWQyNTUxOQAAACAtjMJU8bOR5vZW/On8IcQrstr3\n7KnHEHPG8t1iOid3hgAAAEDEDf68HGFv7swPsR0wPRq0O3ivlZLZF9ROWR7kiUsq\n/i2MwlTxs5Hm9lb86fwhxCuy2vfsqccQc8by3WI6J3eGAAAAAAECAwQF\n-----END OPENSSH PRIVATE KEY-----\n",
            "private_key_pem": "-----BEGIN PRIVATE KEY-----\nMC4CAQAwBQYDK2VwBCIEIMQN/rwcYW/uzA+xHTA9GrQ7eK+VktkX1E5ZHuSJSyr+\n-----END PRIVATE KEY-----\n",
            "private_key_pem_pkcs8": "-----BEGIN PRIVATE KEY-----\nMC4CAQAwBQYDK2VwBCIEIMQN/rwcYW/uzA+xHTA9GrQ7eK+VktkX1E5ZHuSJSyr+\n-----END PRIVATE KEY-----\n",
            "public_key_fingerprint_md5": "c1:f0:9e:f3:4b:3f:25:5a:af:2c:16:be:89:70:56:d3",
            "public_key_fingerprint_sha256": "SHA256:J44zYUVIu4MEGJ33e9UPFTEd1G5MDD9oac34S5W7Jow",
            "public_key_openssh": "ssh-ed25519 AAAAC3NzaC1lZDI1NTE5AAAAIC2MwlTxs5Hm9lb86fwhxCuy2vfsqccQc8by3WI6J3eG\n",
            "public_key_pem": "-----BEGIN PUBLIC KEY-----\nMCowBQYDK2VwAyEALYzCVPGzkeb2Vvzp/CHEK7La9+ypxxBzxvLdYjond4Y=\n-----END PUBLIC KEY-----\n",
            "rsa_bits": 2048
          },
          "sensitive_attributes": []
        }
      ]
    }
  ],
  "check_results": null
}
